
Microsoft Visual Studio Solution File, Format Version 12.00
# Visual Studio Version 16
VisualStudioVersion = 16.0.34031.81
MinimumVisualStudioVersion = 10.0.40219.1
Project("{FAE04EC0-301F-11D3-BF4B-00C04F79EFBC}") = "CVMVC.Web", "CVMVC.Web\CVMVC.Web.csproj", "{1C0C7B3A-6D47-4361-85A2-04614B62782A}"
EndProject
Global
	GlobalSection(SolutionConfigurationPlatforms) = preSolution
		Debug|Any CPU = Debug|Any CPU
		Release|Any CPU = Release|Any CPU
	EndGlobalSection
	GlobalSection(ProjectConfigurationPlatforms) = postSolution
		{1C0C7B3A-6D47-4361-85A2-04614B62782A}.Debug|Any CPU.ActiveCfg = Debug|Any CPU
		{1C0C7B3A-6D47-4361-85A2-04614B62782A}.Debug|Any CPU.Build.0 = Debug|Any CPU
		{1C0C7B3A-6D47-4361-85A2-04614B62782A}.Release|Any CPU.ActiveCfg = Release|Any CPU
		{1C0C7B3A-6D47-4361-85A2-04614B62782A}.Release|Any CPU.Build.0 = Release|Any CPU
	EndGlobalSection
	GlobalSection(SolutionProperties) = preSolution
		HideSolutionNode = FALSE
	EndGlobalSection
	GlobalSection(ExtensibilityGlobals) = postSolution
		SolutionGuid = {1FDAC364-25A1-487B-B795-3B7C39067D99}
	EndGlobalSection
EndGlobal
